{
  "name": "blazor.excel.addin",
  "version": "1.0.0",
  "lockfileVersion": 3,
  "requires": true,
  "packages": {
    "": {
      "name": "blazor.excel.addin",
      "version": "1.0.0",
      "license": "MIT",
      "devDependencies": {
        "@types/office-js-preview": "^1.0.587"
      }
    },
    "node_modules/@types/office-js-preview": {
      "version": "1.0.587",
      "resolved": "https://registry.npmjs.org/@types/office-js-preview/-/office-js-preview-1.0.587.tgz",
      "integrity": "sha512-NWFWgav3cX3bRiKZ9/6y2ppw0eHgUMVO6aDVgkWwDlLb3G8/XhsbwhE2eQtTR/6WZZE3Rq2pDJJwGF5iyQlBeA==",
      "dev": true,
      "license": "MIT"
    }
  }
}
